
Microsoft Visual Studio Solution File, Format Version 12.00
# Visual Studio Version 17
VisualStudioVersion = 17.5.33516.290
MinimumVisualStudioVersion = 10.0.40219.1
Project("{9A19103F-16F7-4668-BE54-9A1E7A4F7556}") = "Api_Access", "src\Backend\Api_Access\Api_Access.csproj", "{4983EDAB-E162-479B-BB57-AC1543926BDE}"
EndProject
Project("{9A19103F-16F7-4668-BE54-9A1E7A4F7556}") = "UnitTestApi_Access", "tests\UnitTestApi_Access\UnitTestApi_Access.csproj", "{5E65F2BF-1966-4C30-AC2A-B00E9F8F1FBF}"
EndProject
Project("{9A19103F-16F7-4668-BE54-9A1E7A4F7556}") = "Api_Clients", "src\Backend\Api_Clients\Api_Clients.csproj", "{DC3A2DCB-F97F-4DD1-9AA7-CC6EC9DF2E49}"
EndProject
Project("{9A19103F-16F7-4668-BE54-9A1E7A4F7556}") = "UnitTestApi_Clients", "tests\UnitTestApi_Clients\UnitTestApi_Clients.csproj", "{C3A0400E-8E47-4759-B125-1CABBD9C47B0}"
EndProject
Project("{9A19103F-16F7-4668-BE54-9A1E7A4F7556}") = "GatewayApi", "src\Backend\GatewayApi\GatewayApi.csproj", "{27DBD569-F35A-47DD-95EB-6634FC581AFB}"
EndProject
Project("{9A19103F-16F7-4668-BE54-9A1E7A4F7556}") = "UnitTestApi_Saint", "tests\UnitTestApi_Saint\UnitTestApi_Saint.csproj", "{DDC34E06-24DC-46B6-8774-9451F7038401}"
EndProject
Project("{9A19103F-16F7-4668-BE54-9A1E7A4F7556}") = "Api_Employees", "src\Backend\Api_Employees\Api_Employees.csproj", "{A99E4E07-49C8-446A-AB1D-385E0513878D}"
EndProject
Project("{9A19103F-16F7-4668-BE54-9A1E7A4F7556}") = "Api_Products", "src\Backend\Api_Products\Api_Products.csproj", "{8865C3DC-9ACA-42F4-B65D-40C84E65F4D2}"
EndProject
Project("{9A19103F-16F7-4668-BE54-9A1E7A4F7556}") = "UnitTestApi_Products", "tests\UnitTestApi_Products\UnitTestApi_Products.csproj", "{9D362D28-ACDC-4758-A447-ABF677E1D8A8}"
EndProject
Project("{9A19103F-16F7-4668-BE54-9A1E7A4F7556}") = "UnitTestApi_Employees", "tests\UnitTestApi_Employees\UnitTestApi_Employees.csproj", "{E48B6635-B1C2-40EF-AFF8-8851B4D1306D}"
EndProject
Project("{9A19103F-16F7-4668-BE54-9A1E7A4F7556}") = "Api_Operations", "src\Backend\Api_Operations\Api_Operations.csproj", "{18A9CCA6-A997-4617-B137-4D124596D447}"
EndProject
Project("{FAE04EC0-301F-11D3-BF4B-00C04F79EFBC}") = "UnitTestApi_Operations", "tests\UnitTestApi_Operations\UnitTestApi_Operations.csproj", "{3B064196-4040-447A-8A1C-D50187C1435F}"
EndProject
Project("{9A19103F-16F7-4668-BE54-9A1E7A4F7556}") = "Api_WorksOrders", "src\Backend\Api_WorksOrders\Api_WorksOrders.csproj", "{350C0F83-347A-4726-BD22-79CFF213F735}"
EndProject
Project("{9A19103F-16F7-4668-BE54-9A1E7A4F7556}") = "UnitTestApi_WorksOrders", "tests\UnitTestApi_WorksOrders\UnitTestApi_WorksOrders.csproj", "{F31114A9-9307-42BD-997A-71C4D1D82068}"
EndProject
Project("{9A19103F-16F7-4668-BE54-9A1E7A4F7556}") = "Api_Utilities", "src\Backend\Api_Utilities\Api_Utilities.csproj", "{4B42F951-05D7-4540-B0DC-D15FB1763168}"
EndProject
Project("{9A19103F-16F7-4668-BE54-9A1E7A4F7556}") = "UnitTestApi_Utilities", "tests\UnitTestApi_Utilities\UnitTestApi_Utilities.csproj", "{38FEBCC8-3246-4064-BF3E-F3C700DC3A97}"
EndProject
Project("{2150E333-8FDC-42A3-9474-1A3956D46DE8}") = "src", "src", "{3EF59656-2687-4D20-99DD-E175763737BF}"
EndProject
Project("{2150E333-8FDC-42A3-9474-1A3956D46DE8}") = "tests", "tests", "{37FEF3E5-DF69-40DF-9B55-412EDEF64BBF}"
EndProject
Project("{E53339B2-1760-4266-BCC7-CA923CBCF16C}") = "docker-compose", "docker-compose.dcproj", "{FAAACFBC-5649-4E91-9BFD-74679F19E345}"
EndProject
Project("{2150E333-8FDC-42A3-9474-1A3956D46DE8}") = "Backend", "Backend", "{40F9562C-2899-42C3-905F-5916B4BB382F}"
EndProject
Project("{2150E333-8FDC-42A3-9474-1A3956D46DE8}") = "Frontend", "Frontend", "{7DAF4D16-3FCB-4F7A-98F0-0AC74659E546}"
EndProject
Project("{9A19103F-16F7-4668-BE54-9A1E7A4F7556}") = "Sisgtfhka", "src\Frontend\Sgotfhka\Sisgtfhka.csproj", "{C27BC184-248C-4392-BE05-7978CDE19517}"
EndProject
Global
	GlobalSection(SolutionConfigurationPlatforms) = preSolution
		Debug|Any CPU = Debug|Any CPU
		Release|Any CPU = Release|Any CPU
	EndGlobalSection
	GlobalSection(ProjectConfigurationPlatforms) = postSolution
		{4983EDAB-E162-479B-BB57-AC1543926BDE}.Debug|Any CPU.ActiveCfg = Debug|Any CPU
		{4983EDAB-E162-479B-BB57-AC1543926BDE}.Debug|Any CPU.Build.0 = Debug|Any CPU
		{4983EDAB-E162-479B-BB57-AC1543926BDE}.Release|Any CPU.ActiveCfg = Release|Any CPU
		{4983EDAB-E162-479B-BB57-AC1543926BDE}.Release|Any CPU.Build.0 = Release|Any CPU
		{5E65F2BF-1966-4C30-AC2A-B00E9F8F1FBF}.Debug|Any CPU.ActiveCfg = Debug|Any CPU
		{5E65F2BF-1966-4C30-AC2A-B00E9F8F1FBF}.Debug|Any CPU.Build.0 = Debug|Any CPU
		{5E65F2BF-1966-4C30-AC2A-B00E9F8F1FBF}.Release|Any CPU.ActiveCfg = Release|Any CPU
		{5E65F2BF-1966-4C30-AC2A-B00E9F8F1FBF}.Release|Any CPU.Build.0 = Release|Any CPU
		{DC3A2DCB-F97F-4DD1-9AA7-CC6EC9DF2E49}.Debug|Any CPU.ActiveCfg = Debug|Any CPU
		{DC3A2DCB-F97F-4DD1-9AA7-CC6EC9DF2E49}.Debug|Any CPU.Build.0 = Debug|Any CPU
		{DC3A2DCB-F97F-4DD1-9AA7-CC6EC9DF2E49}.Release|Any CPU.ActiveCfg = Release|Any CPU
		{DC3A2DCB-F97F-4DD1-9AA7-CC6EC9DF2E49}.Release|Any CPU.Build.0 = Release|Any CPU
		{C3A0400E-8E47-4759-B125-1CABBD9C47B0}.Debug|Any CPU.ActiveCfg = Debug|Any CPU
		{C3A0400E-8E47-4759-B125-1CABBD9C47B0}.Debug|Any CPU.Build.0 = Debug|Any CPU
		{C3A0400E-8E47-4759-B125-1CABBD9C47B0}.Release|Any CPU.ActiveCfg = Release|Any CPU
		{C3A0400E-8E47-4759-B125-1CABBD9C47B0}.Release|Any CPU.Build.0 = Release|Any CPU
		{27DBD569-F35A-47DD-95EB-6634FC581AFB}.Debug|Any CPU.ActiveCfg = Debug|Any CPU
		{27DBD569-F35A-47DD-95EB-6634FC581AFB}.Debug|Any CPU.Build.0 = Debug|Any CPU
		{27DBD569-F35A-47DD-95EB-6634FC581AFB}.Release|Any CPU.ActiveCfg = Release|Any CPU
		{27DBD569-F35A-47DD-95EB-6634FC581AFB}.Release|Any CPU.Build.0 = Release|Any CPU
		{DDC34E06-24DC-46B6-8774-9451F7038401}.Debug|Any CPU.ActiveCfg = Debug|Any CPU
		{DDC34E06-24DC-46B6-8774-9451F7038401}.Debug|Any CPU.Build.0 = Debug|Any CPU
		{DDC34E06-24DC-46B6-8774-9451F7038401}.Release|Any CPU.ActiveCfg = Release|Any CPU
		{DDC34E06-24DC-46B6-8774-9451F7038401}.Release|Any CPU.Build.0 = Release|Any CPU
		{A99E4E07-49C8-446A-AB1D-385E0513878D}.Debug|Any CPU.ActiveCfg = Debug|Any CPU
		{A99E4E07-49C8-446A-AB1D-385E0513878D}.Debug|Any CPU.Build.0 = Debug|Any CPU
		{A99E4E07-49C8-446A-AB1D-385E0513878D}.Release|Any CPU.ActiveCfg = Release|Any CPU
		{A99E4E07-49C8-446A-AB1D-385E0513878D}.Release|Any CPU.Build.0 = Release|Any CPU
		{8865C3DC-9ACA-42F4-B65D-40C84E65F4D2}.Debug|Any CPU.ActiveCfg = Debug|Any CPU
		{8865C3DC-9ACA-42F4-B65D-40C84E65F4D2}.Debug|Any CPU.Build.0 = Debug|Any CPU
		{8865C3DC-9ACA-42F4-B65D-40C84E65F4D2}.Release|Any CPU.ActiveCfg = Release|Any CPU
		{8865C3DC-9ACA-42F4-B65D-40C84E65F4D2}.Release|Any CPU.Build.0 = Release|Any CPU
		{9D362D28-ACDC-4758-A447-ABF677E1D8A8}.Debug|Any CPU.ActiveCfg = Debug|Any CPU
		{9D362D28-ACDC-4758-A447-ABF677E1D8A8}.Debug|Any CPU.Build.0 = Debug|Any CPU
		{9D362D28-ACDC-4758-A447-ABF677E1D8A8}.Release|Any CPU.ActiveCfg = Release|Any CPU
		{9D362D28-ACDC-4758-A447-ABF677E1D8A8}.Release|Any CPU.Build.0 = Release|Any CPU
		{E48B6635-B1C2-40EF-AFF8-8851B4D1306D}.Debug|Any CPU.ActiveCfg = Debug|Any CPU
		{E48B6635-B1C2-40EF-AFF8-8851B4D1306D}.Debug|Any CPU.Build.0 = Debug|Any CPU
		{E48B6635-B1C2-40EF-AFF8-8851B4D1306D}.Release|Any CPU.ActiveCfg = Release|Any CPU
		{E48B6635-B1C2-40EF-AFF8-8851B4D1306D}.Release|Any CPU.Build.0 = Release|Any CPU
		{18A9CCA6-A997-4617-B137-4D124596D447}.Debug|Any CPU.ActiveCfg = Debug|Any CPU
		{18A9CCA6-A997-4617-B137-4D124596D447}.Debug|Any CPU.Build.0 = Debug|Any CPU
		{18A9CCA6-A997-4617-B137-4D124596D447}.Release|Any CPU.ActiveCfg = Release|Any CPU
		{18A9CCA6-A997-4617-B137-4D124596D447}.Release|Any CPU.Build.0 = Release|Any CPU
		{3B064196-4040-447A-8A1C-D50187C1435F}.Debug|Any CPU.ActiveCfg = Debug|Any CPU
		{3B064196-4040-447A-8A1C-D50187C1435F}.Debug|Any CPU.Build.0 = Debug|Any CPU
		{3B064196-4040-447A-8A1C-D50187C1435F}.Release|Any CPU.ActiveCfg = Release|Any CPU
		{3B064196-4040-447A-8A1C-D50187C1435F}.Release|Any CPU.Build.0 = Release|Any CPU
		{350C0F83-347A-4726-BD22-79CFF213F735}.Debug|Any CPU.ActiveCfg = Debug|Any CPU
		{350C0F83-347A-4726-BD22-79CFF213F735}.Debug|Any CPU.Build.0 = Debug|Any CPU
		{350C0F83-347A-4726-BD22-79CFF213F735}.Release|Any CPU.ActiveCfg = Release|Any CPU
		{350C0F83-347A-4726-BD22-79CFF213F735}.Release|Any CPU.Build.0 = Release|Any CPU
		{F31114A9-9307-42BD-997A-71C4D1D82068}.Debug|Any CPU.ActiveCfg = Debug|Any CPU
		{F31114A9-9307-42BD-997A-71C4D1D82068}.Debug|Any CPU.Build.0 = Debug|Any CPU
		{F31114A9-9307-42BD-997A-71C4D1D82068}.Release|Any CPU.ActiveCfg = Release|Any CPU
		{F31114A9-9307-42BD-997A-71C4D1D82068}.Release|Any CPU.Build.0 = Release|Any CPU
		{4B42F951-05D7-4540-B0DC-D15FB1763168}.Debug|Any CPU.ActiveCfg = Debug|Any CPU
		{4B42F951-05D7-4540-B0DC-D15FB1763168}.Debug|Any CPU.Build.0 = Debug|Any CPU
		{4B42F951-05D7-4540-B0DC-D15FB1763168}.Release|Any CPU.ActiveCfg = Release|Any CPU
		{4B42F951-05D7-4540-B0DC-D15FB1763168}.Release|Any CPU.Build.0 = Release|Any CPU
		{38FEBCC8-3246-4064-BF3E-F3C700DC3A97}.Debug|Any CPU.ActiveCfg = Debug|Any CPU
		{38FEBCC8-3246-4064-BF3E-F3C700DC3A97}.Debug|Any CPU.Build.0 = Debug|Any CPU
		{38FEBCC8-3246-4064-BF3E-F3C700DC3A97}.Release|Any CPU.ActiveCfg = Release|Any CPU
		{38FEBCC8-3246-4064-BF3E-F3C700DC3A97}.Release|Any CPU.Build.0 = Release|Any CPU
		{FAAACFBC-5649-4E91-9BFD-74679F19E345}.Debug|Any CPU.ActiveCfg = Debug|Any CPU
		{FAAACFBC-5649-4E91-9BFD-74679F19E345}.Debug|Any CPU.Build.0 = Debug|Any CPU
		{FAAACFBC-5649-4E91-9BFD-74679F19E345}.Release|Any CPU.ActiveCfg = Release|Any CPU
		{FAAACFBC-5649-4E91-9BFD-74679F19E345}.Release|Any CPU.Build.0 = Release|Any CPU
		{C27BC184-248C-4392-BE05-7978CDE19517}.Debug|Any CPU.ActiveCfg = Debug|Any CPU
		{C27BC184-248C-4392-BE05-7978CDE19517}.Debug|Any CPU.Build.0 = Debug|Any CPU
		{C27BC184-248C-4392-BE05-7978CDE19517}.Release|Any CPU.ActiveCfg = Release|Any CPU
		{C27BC184-248C-4392-BE05-7978CDE19517}.Release|Any CPU.Build.0 = Release|Any CPU
	EndGlobalSection
	GlobalSection(SolutionProperties) = preSolution
		HideSolutionNode = FALSE
	EndGlobalSection
	GlobalSection(NestedProjects) = preSolution
		{4983EDAB-E162-479B-BB57-AC1543926BDE} = {40F9562C-2899-42C3-905F-5916B4BB382F}
		{5E65F2BF-1966-4C30-AC2A-B00E9F8F1FBF} = {37FEF3E5-DF69-40DF-9B55-412EDEF64BBF}
		{DC3A2DCB-F97F-4DD1-9AA7-CC6EC9DF2E49} = {40F9562C-2899-42C3-905F-5916B4BB382F}
		{C3A0400E-8E47-4759-B125-1CABBD9C47B0} = {37FEF3E5-DF69-40DF-9B55-412EDEF64BBF}
		{27DBD569-F35A-47DD-95EB-6634FC581AFB} = {40F9562C-2899-42C3-905F-5916B4BB382F}
		{DDC34E06-24DC-46B6-8774-9451F7038401} = {37FEF3E5-DF69-40DF-9B55-412EDEF64BBF}
		{A99E4E07-49C8-446A-AB1D-385E0513878D} = {40F9562C-2899-42C3-905F-5916B4BB382F}
		{8865C3DC-9ACA-42F4-B65D-40C84E65F4D2} = {40F9562C-2899-42C3-905F-5916B4BB382F}
		{9D362D28-ACDC-4758-A447-ABF677E1D8A8} = {37FEF3E5-DF69-40DF-9B55-412EDEF64BBF}
		{E48B6635-B1C2-40EF-AFF8-8851B4D1306D} = {37FEF3E5-DF69-40DF-9B55-412EDEF64BBF}
		{18A9CCA6-A997-4617-B137-4D124596D447} = {40F9562C-2899-42C3-905F-5916B4BB382F}
		{3B064196-4040-447A-8A1C-D50187C1435F} = {37FEF3E5-DF69-40DF-9B55-412EDEF64BBF}
		{350C0F83-347A-4726-BD22-79CFF213F735} = {40F9562C-2899-42C3-905F-5916B4BB382F}
		{F31114A9-9307-42BD-997A-71C4D1D82068} = {37FEF3E5-DF69-40DF-9B55-412EDEF64BBF}
		{4B42F951-05D7-4540-B0DC-D15FB1763168} = {40F9562C-2899-42C3-905F-5916B4BB382F}
		{38FEBCC8-3246-4064-BF3E-F3C700DC3A97} = {37FEF3E5-DF69-40DF-9B55-412EDEF64BBF}
		{40F9562C-2899-42C3-905F-5916B4BB382F} = {3EF59656-2687-4D20-99DD-E175763737BF}
		{7DAF4D16-3FCB-4F7A-98F0-0AC74659E546} = {3EF59656-2687-4D20-99DD-E175763737BF}
		{C27BC184-248C-4392-BE05-7978CDE19517} = {7DAF4D16-3FCB-4F7A-98F0-0AC74659E546}
	EndGlobalSection
	GlobalSection(ExtensibilityGlobals) = postSolution
		SolutionGuid = {8ABB85A6-DDB3-46D6-986F-4812F5FF8A31}
	EndGlobalSection
EndGlobal
